
Microsoft Visual Studio Solution File, Format Version 12.00
Project("{FAE04EC0-301F-11D3-BF4B-00C04F79EFBC}") = "PodcastProxy.Domain", "src\PodcastProxy.Domain\PodcastProxy.Domain.csproj", "{F7AD50D4-E67D-484B-8E70-56D849D2439D}"
EndProject
Project("{FAE04EC0-301F-11D3-BF4B-00C04F79EFBC}") = "PodcastProxy.Database", "src\PodcastProxy.Database\PodcastProxy.Database.csproj", "{02A8642D-3606-43FF-AF8E-77A4DC57D794}"
EndProject
Project("{FAE04EC0-301F-11D3-BF4B-00C04F79EFBC}") = "PodcastProxy.Application", "src\PodcastProxy.Application\PodcastProxy.Application.csproj", "{04435D31-CFD2-46AA-BE7D-B60BE72FED3F}"
EndProject
Project("{FAE04EC0-301F-11D3-BF4B-00C04F79EFBC}") = "DailyWire.Api", "src\DailyWire.Api\DailyWire.Api.csproj", "{C597D8C0-9539-454D-BD88-FF6367E4A45D}"
EndProject
Project("{FAE04EC0-301F-11D3-BF4B-00C04F79EFBC}") = "DailyWire.Authentication", "src\DailyWire.Authentication\DailyWire.Authentication.csproj", "{0BC7370B-C4FA-49DB-BEEF-2F4E53CCC9B8}"
EndProject
Project("{FAE04EC0-301F-11D3-BF4B-00C04F79EFBC}") = "PodcastProxy.Api", "src\PodcastProxy.Api\PodcastProxy.Api.csproj", "{8F154E78-6276-4B21-B664-4D2413B9C32F}"
EndProject
Project("{2150E333-8FDC-42A3-9474-1A3956D46DE8}") = "tests", "tests", "{2A711713-7F68-4B99-AB84-6E2E4E1B8D85}"
EndProject
Project("{2150E333-8FDC-42A3-9474-1A3956D46DE8}") = "src", "src", "{0B3E4E60-E6BF-4017-8AF1-62D961EC1EDB}"
EndProject
Project("{FAE04EC0-301F-11D3-BF4B-00C04F79EFBC}") = "PodcastProxy.Application.Tests", "tests\PodcastProxy.Application.Tests\PodcastProxy.Application.Tests.csproj", "{9D02CE66-EF50-445C-BEF7-2FF459AD5362}"
EndProject
Project("{FAE04EC0-301F-11D3-BF4B-00C04F79EFBC}") = "PodcastProxy.Web", "src\PodcastProxy.Web\PodcastProxy.Web.csproj", "{0E555849-B0FC-45B1-AF78-BFF3AF8D37DA}"
EndProject
Project("{FAE04EC0-301F-11D3-BF4B-00C04F79EFBC}") = "PodcastProxy.Host", "src\PodcastProxy.Host\PodcastProxy.Host.csproj", "{B6A1FBA5-7C40-4309-9B29-817E13923EC4}"
EndProject
Global
	GlobalSection(SolutionConfigurationPlatforms) = preSolution
		Debug|Any CPU = Debug|Any CPU
		Release|Any CPU = Release|Any CPU
	EndGlobalSection
	GlobalSection(ProjectConfigurationPlatforms) = postSolution
		{F7AD50D4-E67D-484B-8E70-56D849D2439D}.Debug|Any CPU.ActiveCfg = Debug|Any CPU
		{F7AD50D4-E67D-484B-8E70-56D849D2439D}.Debug|Any CPU.Build.0 = Debug|Any CPU
		{F7AD50D4-E67D-484B-8E70-56D849D2439D}.Release|Any CPU.ActiveCfg = Release|Any CPU
		{F7AD50D4-E67D-484B-8E70-56D849D2439D}.Release|Any CPU.Build.0 = Release|Any CPU
		{02A8642D-3606-43FF-AF8E-77A4DC57D794}.Debug|Any CPU.ActiveCfg = Debug|Any CPU
		{02A8642D-3606-43FF-AF8E-77A4DC57D794}.Debug|Any CPU.Build.0 = Debug|Any CPU
		{02A8642D-3606-43FF-AF8E-77A4DC57D794}.Release|Any CPU.ActiveCfg = Release|Any CPU
		{02A8642D-3606-43FF-AF8E-77A4DC57D794}.Release|Any CPU.Build.0 = Release|Any CPU
		{04435D31-CFD2-46AA-BE7D-B60BE72FED3F}.Debug|Any CPU.ActiveCfg = Debug|Any CPU
		{04435D31-CFD2-46AA-BE7D-B60BE72FED3F}.Debug|Any CPU.Build.0 = Debug|Any CPU
		{04435D31-CFD2-46AA-BE7D-B60BE72FED3F}.Release|Any CPU.ActiveCfg = Release|Any CPU
		{04435D31-CFD2-46AA-BE7D-B60BE72FED3F}.Release|Any CPU.Build.0 = Release|Any CPU
		{C597D8C0-9539-454D-BD88-FF6367E4A45D}.Debug|Any CPU.ActiveCfg = Debug|Any CPU
		{C597D8C0-9539-454D-BD88-FF6367E4A45D}.Debug|Any CPU.Build.0 = Debug|Any CPU
		{C597D8C0-9539-454D-BD88-FF6367E4A45D}.Release|Any CPU.ActiveCfg = Release|Any CPU
		{C597D8C0-9539-454D-BD88-FF6367E4A45D}.Release|Any CPU.Build.0 = Release|Any CPU
		{0BC7370B-C4FA-49DB-BEEF-2F4E53CCC9B8}.Debug|Any CPU.ActiveCfg = Debug|Any CPU
		{0BC7370B-C4FA-49DB-BEEF-2F4E53CCC9B8}.Debug|Any CPU.Build.0 = Debug|Any CPU
		{0BC7370B-C4FA-49DB-BEEF-2F4E53CCC9B8}.Release|Any CPU.ActiveCfg = Release|Any CPU
		{0BC7370B-C4FA-49DB-BEEF-2F4E53CCC9B8}.Release|Any CPU.Build.0 = Release|Any CPU
		{8F154E78-6276-4B21-B664-4D2413B9C32F}.Debug|Any CPU.ActiveCfg = Debug|Any CPU
		{8F154E78-6276-4B21-B664-4D2413B9C32F}.Debug|Any CPU.Build.0 = Debug|Any CPU
		{8F154E78-6276-4B21-B664-4D2413B9C32F}.Release|Any CPU.ActiveCfg = Release|Any CPU
		{8F154E78-6276-4B21-B664-4D2413B9C32F}.Release|Any CPU.Build.0 = Release|Any CPU
		{9D02CE66-EF50-445C-BEF7-2FF459AD5362}.Debug|Any CPU.ActiveCfg = Debug|Any CPU
		{9D02CE66-EF50-445C-BEF7-2FF459AD5362}.Debug|Any CPU.Build.0 = Debug|Any CPU
		{9D02CE66-EF50-445C-BEF7-2FF459AD5362}.Release|Any CPU.ActiveCfg = Release|Any CPU
		{9D02CE66-EF50-445C-BEF7-2FF459AD5362}.Release|Any CPU.Build.0 = Release|Any CPU
		{0E555849-B0FC-45B1-AF78-BFF3AF8D37DA}.Debug|Any CPU.ActiveCfg = Debug|Any CPU
		{0E555849-B0FC-45B1-AF78-BFF3AF8D37DA}.Debug|Any CPU.Build.0 = Debug|Any CPU
		{0E555849-B0FC-45B1-AF78-BFF3AF8D37DA}.Release|Any CPU.ActiveCfg = Release|Any CPU
		{0E555849-B0FC-45B1-AF78-BFF3AF8D37DA}.Release|Any CPU.Build.0 = Release|Any CPU
		{B6A1FBA5-7C40-4309-9B29-817E13923EC4}.Debug|Any CPU.ActiveCfg = Debug|Any CPU
		{B6A1FBA5-7C40-4309-9B29-817E13923EC4}.Debug|Any CPU.Build.0 = Debug|Any CPU
		{B6A1FBA5-7C40-4309-9B29-817E13923EC4}.Release|Any CPU.ActiveCfg = Release|Any CPU
		{B6A1FBA5-7C40-4309-9B29-817E13923EC4}.Release|Any CPU.Build.0 = Release|Any CPU
	EndGlobalSection
	GlobalSection(NestedProjects) = preSolution
		{C597D8C0-9539-454D-BD88-FF6367E4A45D} = {0B3E4E60-E6BF-4017-8AF1-62D961EC1EDB}
		{0BC7370B-C4FA-49DB-BEEF-2F4E53CCC9B8} = {0B3E4E60-E6BF-4017-8AF1-62D961EC1EDB}
		{8F154E78-6276-4B21-B664-4D2413B9C32F} = {0B3E4E60-E6BF-4017-8AF1-62D961EC1EDB}
		{04435D31-CFD2-46AA-BE7D-B60BE72FED3F} = {0B3E4E60-E6BF-4017-8AF1-62D961EC1EDB}
		{02A8642D-3606-43FF-AF8E-77A4DC57D794} = {0B3E4E60-E6BF-4017-8AF1-62D961EC1EDB}
		{F7AD50D4-E67D-484B-8E70-56D849D2439D} = {0B3E4E60-E6BF-4017-8AF1-62D961EC1EDB}
		{9D02CE66-EF50-445C-BEF7-2FF459AD5362} = {2A711713-7F68-4B99-AB84-6E2E4E1B8D85}
		{0E555849-B0FC-45B1-AF78-BFF3AF8D37DA} = {0B3E4E60-E6BF-4017-8AF1-62D961EC1EDB}
		{B6A1FBA5-7C40-4309-9B29-817E13923EC4} = {0B3E4E60-E6BF-4017-8AF1-62D961EC1EDB}
	EndGlobalSection
EndGlobal
